
Microsoft Visual Studio Solution File, Format Version 12.00
# Visual Studio Version 17
VisualStudioVersion = 17.12.35527.113
MinimumVisualStudioVersion = 10.0.40219.1
Project("{FAE04EC0-301F-11D3-BF4B-00C04F79EFBC}") = "StudentHiveWpf", "StudentHiveWpf\StudentHiveWpf.csproj", "{CF9400A3-8BD3-43CC-BDC5-44102C04BCE9}"
EndProject
Project("{FAE04EC0-301F-11D3-BF4B-00C04F79EFBC}") = "WpfTest", "WpfTest\WpfTest.csproj", "{787B40CB-4633-4543-83A9-A059D6E59E48}"
EndProject
Global
	GlobalSection(SolutionConfigurationPlatforms) = preSolution
		Debug|Any CPU = Debug|Any CPU
		Release|Any CPU = Release|Any CPU
	EndGlobalSection
	GlobalSection(ProjectConfigurationPlatforms) = postSolution
		{CF9400A3-8BD3-43CC-BDC5-44102C04BCE9}.Debug|Any CPU.ActiveCfg = Debug|Any CPU
		{CF9400A3-8BD3-43CC-BDC5-44102C04BCE9}.Debug|Any CPU.Build.0 = Debug|Any CPU
		{CF9400A3-8BD3-43CC-BDC5-44102C04BCE9}.Release|Any CPU.ActiveCfg = Release|Any CPU
		{CF9400A3-8BD3-43CC-BDC5-44102C04BCE9}.Release|Any CPU.Build.0 = Release|Any CPU
		{787B40CB-4633-4543-83A9-A059D6E59E48}.Debug|Any CPU.ActiveCfg = Debug|Any CPU
		{787B40CB-4633-4543-83A9-A059D6E59E48}.Debug|Any CPU.Build.0 = Debug|Any CPU
		{787B40CB-4633-4543-83A9-A059D6E59E48}.Release|Any CPU.ActiveCfg = Release|Any CPU
		{787B40CB-4633-4543-83A9-A059D6E59E48}.Release|Any CPU.Build.0 = Release|Any CPU
	EndGlobalSection
	GlobalSection(SolutionProperties) = preSolution
		HideSolutionNode = FALSE
	EndGlobalSection
EndGlobal
