
Microsoft Visual Studio Solution File, Format Version 12.00
# Visual Studio Version 17
VisualStudioVersion = 17.11.35222.181
MinimumVisualStudioVersion = 10.0.40219.1
Project("{FAE04EC0-301F-11D3-BF4B-00C04F79EFBC}") = "StudentHiveServer", "StudentHiveServer\StudentHiveServer.csproj", "{6E01412F-F34E-4B2A-9351-052C0312A9FC}"
EndProject
Global
	GlobalSection(SolutionConfigurationPlatforms) = preSolution
		Debug|Any CPU = Debug|Any CPU
		Release|Any CPU = Release|Any CPU
	EndGlobalSection
	GlobalSection(ProjectConfigurationPlatforms) = postSolution
		{6E01412F-F34E-4B2A-9351-052C0312A9FC}.Debug|Any CPU.ActiveCfg = Debug|Any CPU
		{6E01412F-F34E-4B2A-9351-052C0312A9FC}.Debug|Any CPU.Build.0 = Debug|Any CPU
		{6E01412F-F34E-4B2A-9351-052C0312A9FC}.Release|Any CPU.ActiveCfg = Release|Any CPU
		{6E01412F-F34E-4B2A-9351-052C0312A9FC}.Release|Any CPU.Build.0 = Release|Any CPU
	EndGlobalSection
	GlobalSection(SolutionProperties) = preSolution
		HideSolutionNode = FALSE
	EndGlobalSection
	GlobalSection(ExtensibilityGlobals) = postSolution
		SolutionGuid = {832FB9DA-BF37-45C6-BE25-DC497F7B5EEC}
	EndGlobalSection
EndGlobal
